
Microsoft Visual Studio Solution File, Format Version 12.00
# Visual Studio Version 17
VisualStudioVersion = 17.3.32922.545
MinimumVisualStudioVersion = 10.0.40219.1
Project("{FAE04EC0-301F-11D3-BF4B-00C04F79EFBC}") = "Kovacs_Adela_lab02", "Kovacs_Adela_lab02.csproj", "{44E4572A-0C36-44BD-A310-43D0991993FC}"
EndProject
Global
	GlobalSection(SolutionConfigurationPlatforms) = preSolution
		Debug|Any CPU = Debug|Any CPU
		Release|Any CPU = Release|Any CPU
	EndGlobalSection
	GlobalSection(ProjectConfigurationPlatforms) = postSolution
		{44E4572A-0C36-44BD-A310-43D0991993FC}.Debug|Any CPU.ActiveCfg = Debug|Any CPU
		{44E4572A-0C36-44BD-A310-43D0991993FC}.Debug|Any CPU.Build.0 = Debug|Any CPU
		{44E4572A-0C36-44BD-A310-43D0991993FC}.Release|Any CPU.ActiveCfg = Release|Any CPU
		{44E4572A-0C36-44BD-A310-43D0991993FC}.Release|Any CPU.Build.0 = Release|Any CPU
	EndGlobalSection
	GlobalSection(SolutionProperties) = preSolution
		HideSolutionNode = FALSE
	EndGlobalSection
	GlobalSection(ExtensibilityGlobals) = postSolution
		SolutionGuid = {E3EC9CC7-55C3-455A-9EDF-52D16A10D916}
	EndGlobalSection
EndGlobal
